
Microsoft Visual Studio Solution File, Format Version 12.00
# Visual Studio Version 17
VisualStudioVersion = 17.2.32526.322
MinimumVisualStudioVersion = 10.0.40219.1
Project("{FAE04EC0-301F-11D3-BF4B-00C04F79EFBC}") = "CompanyApi", "CompanyApi\CompanyApi.csproj", "{C48FAB02-9125-4DD5-9CA0-C6EF5EA084ED}"
EndProject
Global
	GlobalSection(SolutionConfigurationPlatforms) = preSolution
		Debug|Any CPU = Debug|Any CPU
		Release|Any CPU = Release|Any CPU
	EndGlobalSection
	GlobalSection(ProjectConfigurationPlatforms) = postSolution
		{C48FAB02-9125-4DD5-9CA0-C6EF5EA084ED}.Debug|Any CPU.ActiveCfg = Debug|Any CPU
		{C48FAB02-9125-4DD5-9CA0-C6EF5EA084ED}.Debug|Any CPU.Build.0 = Debug|Any CPU
		{C48FAB02-9125-4DD5-9CA0-C6EF5EA084ED}.Release|Any CPU.ActiveCfg = Release|Any CPU
		{C48FAB02-9125-4DD5-9CA0-C6EF5EA084ED}.Release|Any CPU.Build.0 = Release|Any CPU
	EndGlobalSection
	GlobalSection(SolutionProperties) = preSolution
		HideSolutionNode = FALSE
	EndGlobalSection
	GlobalSection(ExtensibilityGlobals) = postSolution
		SolutionGuid = {A8CB334B-4248-4CDE-8436-73021D25FACA}
	EndGlobalSection
EndGlobal
